// !$*UTF8*$!
{
	archiveVersion = 1;
	classes = {
	};
	objectVersion = 46;
	objects = {

/* Begin PBXBuildFile section */
		EAF2D7E91C733A25001325F1 /* AppDelegate.swift in Sources */ = {isa = PBXBuildFile; fileRef = EAF2D7E81C733A25001325F1 /* AppDelegate.swift */; };
		EAF2D7EB1C733A25001325F1 /* ViewController.swift in Sources */ = {isa = PBXBuildFile; fileRef = EAF2D7EA1C733A25001325F1 /* ViewController.swift */; };
		EAF2D7EE1C733A26001325F1 /* Main.storyboard in Resources */ = {isa = PBXBuildFile; fileRef = EAF2D7EC1C733A25001325F1 /* Main.storyboard */; };
		EAF2D7F01C733A26001325F1 /* Assets.xcassets in Resources */ = {isa = PBXBuildFile; fileRef = EAF2D7EF1C733A26001325F1 /* Assets.xcassets */; };
		EAF2D7F31C733A26001325F1 /* LaunchScreen.storyboard in Resources */ = {isa = PBXBuildFile; fileRef = EAF2D7F11C733A26001325F1 /* LaunchScreen.storyboard */; };
		EAF2D7FE1C733A26001325F1 /* hello_worldTests.swift in Sources */ = {isa = PBXBuildFile; fileRef = EAF2D7FD1C733A26001325F1 /* hello_worldTests.swift */; };
		EAF2D8091C733A26001325F1 /* hello_worldUITests.swift in Sources */ = {isa = PBXBuildFile; fileRef = EAF2D8081C733A26001325F1 /* hello_worldUITests.swift */; };
/* End PBXBuildFile section */

/* Begin PBXContainerItemProxy section */
		EAF2D7FA1C733A26001325F1 /* PBXContainerItemProxy */ = {
			isa = PBXContainerItemProxy;
			containerPortal = EAF2D7DD1C733A25001325F1 /* Project object */;
			proxyType = 1;
			remoteGlobalIDString = EAF2D7E41C733A25001325F1;
			remoteInfo = "hello world";
		};
		EAF2D8051C733A26001325F1 /* PBXContainerItemProxy */ = {
			isa = PBXContainerItemProxy;
			containerPortal = EAF2D7DD1C733A25001325F1 /* Project object */;
			proxyType = 1;
			remoteGlobalIDString = EAF2D7E41C733A25001325F1;
			remoteInfo = "hello world";
		};
/* End PBXContainerItemProxy section */

/* Begin PBXFileReference section */
		EAF2D7E51C733A25001325F1 /* hello world.app */ = {isa = PBXFileReference; explicitFileType = wrapper.application; includeInIndex = 0; path = "hello world.app"; sourceTree = BUILT_PRODUCTS_DIR; };
		EAF2D7E81C733A25001325F1 /* AppDelegate.swift */ = {isa = PBXFileReference; lastKnownFileType = sourcecode.swift; path = AppDelegate.swift; sourceTree = "<group>"; };
		EAF2D7EA1C733A25001325F1 /* ViewController.swift */ = {isa = PBXFileReference; lastKnownFileType = sourcecode.swift; path = ViewController.swift; sourceTree = "<group>"; };
		EAF2D7ED1C733A25001325F1 /* Base */ = {isa = PBXFileReference; lastKnownFileType = file.storyboard; name = Base; path = Base.lproj/Main.storyboard; sourceTree = "<group>"; };
		EAF2D7EF1C733A26001325F1 /* Assets.xcassets */ = {isa = PBXFileReference; lastKnownFileType = folder.assetcatalog; path = Assets.xcassets; sourceTree = "<group>"; };
		EAF2D7F21C733A26001325F1 /* Base */ = {isa = PBXFileReference; lastKnownFileType = file.storyboard; name = Base; path = Base.lproj/LaunchScreen.storyboard; sourceTree = "<group>"; };
		EAF2D7F41C733A26001325F1 /* Info.plist */ = {isa = PBXFileReference; lastKnownFileType = text.plist.xml; path = Info.plist; sourceTree = "<group>"; };
		EAF2D7F91C733A26001325F1 /* hello worldTests.xctest */ = {isa = PBXFileReference; explicitFileType = wrapper.cfbundle; includeInIndex = 0; path = "hello worldTests.xctest"; sourceTree = BUILT_PRODUCTS_DIR; };
		EAF2D7FD1C733A26001325F1 /* hello_worldTests.swift */ = {isa = PBXFileReference; lastKnownFileType = sourcecode.swift; path = hello_worldTests.swift; sourceTree = "<group>"; };
		EAF2D7FF1C733A26001325F1 /* Info.plist */ = {isa = PBXFileReference; lastKnownFileType = text.plist.xml; path = Info.plist; sourceTree = "<group>"; };
		EAF2D8041C733A26001325F1 /* hello worldUITests.xctest */ = {isa = PBXFileReference; explicitFileType = wrapper.cfbundle; includeInIndex = 0; path = "hello worldUITests.xctest"; sourceTree = BUILT_PRODUCTS_DIR; };
		EAF2D8081C733A26001325F1 /* hello_worldUITests.swift */ = {isa = PBXFileReference; lastKnownFileType = sourcecode.swift; path = hello_worldUITests.swift; sourceTree = "<group>"; };
		EAF2D80A1C733A26001325F1 /* Info.plist */ = {isa = PBXFileReference; lastKnownFileType = text.plist.xml; path = Info.plist; sourceTree = "<group>"; };
/* End PBXFileReference section */

/* Begin PBXFrameworksBuildPhase section */
		EAF2D7E21C733A25001325F1 /* Frameworks */ = {
			isa = PBXFrameworksBuildPhase;
			buildActionMask = 2147483647;
			files = (
			);
			runOnlyForDeploymentPostprocessing = 0;
		};
		EAF2D7F61C733A26001325F1 /* Frameworks */ = {
			isa = PBXFrameworksBuildPhase;
			buildActionMask = 2147483647;
			files = (
			);
			runOnlyForDeploymentPostprocessing = 0;
		};
		EAF2D8011C733A26001325F1 /* Frameworks */ = {
			isa = PBXFrameworksBuildPhase;
			buildActionMask = 2147483647;
			files = (
			);
			runOnlyForDeploymentPostprocessing = 0;
		};
/* End PBXFrameworksBuildPhase section */

/* Begin PBXGroup section */
		EAF2D7DC1C733A25001325F1 = {
			isa = PBXGroup;
			children = (
				EAF2D7E71C733A25001325F1 /* hello world */,
				EAF2D7FC1C733A26001325F1 /* hello worldTests */,
				EAF2D8071C733A26001325F1 /* hello worldUITests */,
				EAF2D7E61C733A25001325F1 /* Products */,
			);
			sourceTree = "<group>";
		};
		EAF2D7E61C733A25001325F1 /* Products */ = {
			isa = PBXGroup;
			children = (
				EAF2D7E51C733A25001325F1 /* hello world.app */,
				EAF2D7F91C733A26001325F1 /* hello worldTests.xctest */,
				EAF2D8041C733A26001325F1 /* hello worldUITests.xctest */,
			);
			name = Products;
			sourceTree = "<group>";
		};
		EAF2D7E71C733A25001325F1 /* hello world */ = {
			isa = PBXGroup;
			children = (
				EAF2D7E81C733A25001325F1 /* AppDelegate.swift */,
				EAF2D7EA1C733A25001325F1 /* ViewController.swift */,
				EAF2D7EC1C733A25001325F1 /* Main.storyboard */,
				EAF2D7EF1C733A26001325F1 /* Assets.xcassets */,
				EAF2D7F11C733A26001325F1 /* LaunchScreen.storyboard */,
				EAF2D7F41C733A26001325F1 /* Info.plist */,
			);
			path = "hello world";
			sourceTree = "<group>";
		};
		EAF2D7FC1C733A26001325F1 /* hello worldTests */ = {
			isa = PBXGroup;
			children = (
				EAF2D7FD1C733A26001325F1 /* hello_worldTests.swift */,
				EAF2D7FF1C733A26001325F1 /* Info.plist */,
			);
			path = "hello worldTests";
			sourceTree = "<group>";
		};
		EAF2D8071C733A26001325F1 /* hello worldUITests */ = {
			isa = PBXGroup;
			children = (
				EAF2D8081C733A26001325F1 /* hello_worldUITests.swift */,
				EAF2D80A1C733A26001325F1 /* Info.plist */,
			);
			path = "hello worldUITests";
			sourceTree = "<group>";
		};
/* End PBXGroup section */

/* Begin PBXNativeTarget section */
		EAF2D7E41C733A25001325F1 /* hello world */ = {
			isa = PBXNativeTarget;
			buildConfigurationList = EAF2D80D1C733A26001325F1 /* Build configuration list for PBXNativeTarget "hello world" */;
			buildPhases = (
				EAF2D7E11C733A25001325F1 /* Sources */,
				EAF2D7E21C733A25001325F1 /* Frameworks */,
				EAF2D7E31C733A25001325F1 /* Resources */,
			);
			buildRules = (
			);
			dependencies = (
			);
			name = "hello world";
			productName = "hello world";
			productReference = EAF2D7E51C733A25001325F1 /* hello world.app */;
			productType = "com.apple.product-type.application";
		};
		EAF2D7F81C733A26001325F1 /* hello worldTests */ = {
			isa = PBXNativeTarget;
			buildConfigurationList = EAF2D8101C733A26001325F1 /* Build configuration list for PBXNativeTarget "hello worldTests" */;
			buildPhases = (
				EAF2D7F51C733A26001325F1 /* Sources */,
				EAF2D7F61C733A26001325F1 /* Frameworks */,
				EAF2D7F71C733A26001325F1 /* Resources */,
			);
			buildRules = (
			);
			dependencies = (
				EAF2D7FB1C733A26001325F1 /* PBXTargetDependency */,
			);
			name = "hello worldTests";
			productName = "hello worldTests";
			productReference = EAF2D7F91C733A26001325F1 /* hello worldTests.xctest */;
			productType = "com.apple.product-type.bundle.unit-test";
		};
		EAF2D8031C733A26001325F1 /* hello worldUITests */ = {
			isa = PBXNativeTarget;
			buildConfigurationList = EAF2D8131C733A26001325F1 /* Build configuration list for PBXNativeTarget "hello worldUITests" */;
			buildPhases = (
				EAF2D8001C733A26001325F1 /* Sources */,
				EAF2D8011C733A26001325F1 /* Frameworks */,
				EAF2D8021C733A26001325F1 /* Resources */,
			);
			buildRules = (
			);
			dependencies = (
				EAF2D8061C733A26001325F1 /* PBXTargetDependency */,
			);
			name = "hello worldUITests";
			productName = "hello worldUITests";
			productReference = EAF2D8041C733A26001325F1 /* hello worldUITests.xctest */;
			productType = "com.apple.product-type.bundle.ui-testing";
		};
/* End PBXNativeTarget section */

/* Begin PBXProject section */
		EAF2D7DD1C733A25001325F1 /* Project object */ = {
			isa = PBXProject;
			attributes = {
				LastSwiftUpdateCheck = 0730;
				LastUpgradeCheck = 0730;
				ORGANIZATIONNAME = hiropon;
				TargetAttributes = {
					EAF2D7E41C733A25001325F1 = {
						CreatedOnToolsVersion = 7.3;
					};
					EAF2D7F81C733A26001325F1 = {
						CreatedOnToolsVersion = 7.3;
						TestTargetID = EAF2D7E41C733A25001325F1;
					};
					EAF2D8031C733A26001325F1 = {
						CreatedOnToolsVersion = 7.3;
						TestTargetID = EAF2D7E41C733A25001325F1;
					};
				};
			};
			buildConfigurationList = EAF2D7E01C733A25001325F1 /* Build configuration list for PBXProject "hello world" */;
			compatibilityVersion = "Xcode 3.2";
			developmentRegion = English;
			hasScannedForEncodings = 0;
			knownRegions = (
				en,
				Base,
			);
			mainGroup = EAF2D7DC1C733A25001325F1;
			productRefGroup = EAF2D7E61C733A25001325F1 /* Products */;
			projectDirPath = "";
			projectRoot = "";
			targets = (
				EAF2D7E41C733A25001325F1 /* hello world */,
				EAF2D7F81C733A26001325F1 /* hello worldTests */,
				EAF2D8031C733A26001325F1 /* hello worldUITests */,
			);
		};
/* End PBXProject section */

/* Begin PBXResourcesBuildPhase section */
		EAF2D7E31C733A25001325F1 /* Resources */ = {
			isa = PBXResourcesBuildPhase;
			buildActionMask = 2147483647;
			files = (
				EAF2D7F31C733A26001325F1 /* LaunchScreen.storyboard in Resources */,
				EAF2D7F01C733A26001325F1 /* Assets.xcassets in Resources */,
				EAF2D7EE1C733A26001325F1 /* Main.storyboard in Resources */,
			);
			runOnlyForDeploymentPostprocessing = 0;
		};
		EAF2D7F71C733A26001325F1 /* Resources */ = {
			isa = PBXResourcesBuildPhase;
			buildActionMask = 2147483647;
			files = (
			);
			runOnlyForDeploymentPostprocessing = 0;
		};
		EAF2D8021C733A26001325F1 /* Resources */ = {
			isa = PBXResourcesBuildPhase;
			buildActionMask = 2147483647;
			files = (
			);
			runOnlyForDeploymentPostprocessing = 0;
		};
/* End PBXResourcesBuildPhase section */

/* Begin PBXSourcesBuildPhase section */
		EAF2D7E11C733A25001325F1 /* Sources */ = {
			isa = PBXSourcesBuildPhase;
			buildActionMask = 2147483647;
			files = (
				EAF2D7EB1C733A25001325F1 /* ViewController.swift in Sources */,
				EAF2D7E91C733A25001325F1 /* AppDelegate.swift in Sources */,
			);
			runOnlyForDeploymentPostprocessing = 0;
		};
		EAF2D7F51C733A26001325F1 /* Sources */ = {
			isa = PBXSourcesBuildPhase;
			buildActionMask = 2147483647;
			files = (
				EAF2D7FE1C733A26001325F1 /* hello_worldTests.swift in Sources */,
			);
			runOnlyForDeploymentPostprocessing = 0;
		};
		EAF2D8001C733A26001325F1 /* Sources */ = {
			isa = PBXSourcesBuildPhase;
			buildActionMask = 2147483647;
			files = (
				EAF2D8091C733A26001325F1 /* hello_worldUITests.swift in Sources */,
			);
			runOnlyForDeploymentPostprocessing = 0;
		};
/* End PBXSourcesBuildPhase section */

/* Begin PBXTargetDependency section */
		EAF2D7FB1C733A26001325F1 /* PBXTargetDependency */ = {
			isa = PBXTargetDependency;
			target = EAF2D7E41C733A25001325F1 /* hello world */;
			targetProxy = EAF2D7FA1C733A26001325F1 /* PBXContainerItemProxy */;
		};
		EAF2D8061C733A26001325F1 /* PBXTargetDependency */ = {
			isa = PBXTargetDependency;
			target = EAF2D7E41C733A25001325F1 /* hello world */;
			targetProxy = EAF2D8051C733A26001325F1 /* PBXContainerItemProxy */;
		};
/* End PBXTargetDependency section */

/* Begin PBXVariantGroup section */
		EAF2D7EC1C733A25001325F1 /* Main.storyboard */ = {
			isa = PBXVariantGroup;
			children = (
				EAF2D7ED1C733A25001325F1 /* Base */,
			);
			name = Main.storyboard;
			sourceTree = "<group>";
		};
		EAF2D7F11C733A26001325F1 /* LaunchScreen.storyboard */ = {
			isa = PBXVariantGroup;
			children = (
				EAF2D7F21C733A26001325F1 /* Base */,
			);
			name = LaunchScreen.storyboard;
			sourceTree = "<group>";
		};
/* End PBXVariantGroup section */

/* Begin XCBuildConfiguration section */
		EAF2D80B1C733A26001325F1 /* Debug */ = {
			isa = XCBuildConfiguration;
			buildSettings = {
				ALWAYS_SEARCH_USER_PATHS = NO;
				CLANG_CXX_LANGUAGE_STANDARD = "gnu++0x";
				CLANG_CXX_LIBRARY = "libc++";
				CLANG_ENABLE_MODULES = YES;
				CLANG_ENABLE_OBJC_ARC = YES;
				CLANG_WARN_BOOL_CONVERSION = YES;
				CLANG_WARN_CONSTANT_CONVERSION = YES;
				CLANG_WARN_DIRECT_OBJC_ISA_USAGE = YES_ERROR;
				CLANG_WARN_EMPTY_BODY = YES;
				CLANG_WARN_ENUM_CONVERSION = YES;
				CLANG_WARN_INT_CONVERSION = YES;
				CLANG_WARN_OBJC_ROOT_CLASS = YES_ERROR;
				CLANG_WARN_UNREACHABLE_CODE = YES;
				CLANG_WARN__DUPLICATE_METHOD_MATCH = YES;
				"CODE_SIGN_IDENTITY[sdk=iphoneos*]" = "iPhone Developer";
				COPY_PHASE_STRIP = NO;
				DEBUG_INFORMATION_FORMAT = dwarf;
				ENABLE_STRICT_OBJC_MSGSEND = YES;
				ENABLE_TESTABILITY = YES;
				GCC_C_LANGUAGE_STANDARD = gnu99;
				GCC_DYNAMIC_NO_PIC = NO;
				GCC_NO_COMMON_BLOCKS = YES;
				GCC_OPTIMIZATION_LEVEL = 0;
				GCC_PREPROCESSOR_DEFINITIONS = (
					"DEBUG=1",
					"$(inherited)",
				);
				GCC_WARN_64_TO_32_BIT_CONVERSION = YES;
				GCC_WARN_ABOUT_RETURN_TYPE = YES_ERROR;
				GCC_WARN_UNDECLARED_SELECTOR = YES;
				GCC_WARN_UNINITIALIZED_AUTOS = YES_AGGRESSIVE;
				GCC_WARN_UNUSED_FUNCTION = YES;
				GCC_WARN_UNUSED_VARIABLE = YES;
				IPHONEOS_DEPLOYMENT_TARGET = 9.3;
				MTL_ENABLE_DEBUG_INFO = YES;
				ONLY_ACTIVE_ARCH = YES;
				SDKROOT = iphoneos;
				SWIFT_OPTIMIZATION_LEVEL = "-Onone";
			};
			name = Debug;
		};
		EAF2D80C1C733A26001325F1 /* Release */ = {
			isa = XCBuildConfiguration;
			buildSettings = {
				ALWAYS_SEARCH_USER_PATHS = NO;
				CLANG_CXX_LANGUAGE_STANDARD = "gnu++0x";
				CLANG_CXX_LIBRARY = "libc++";
				CLANG_ENABLE_MODULES = YES;
				CLANG_ENABLE_OBJC_ARC = YES;
				CLANG_WARN_BOOL_CONVERSION = YES;
				CLANG_WARN_CONSTANT_CONVERSION = YES;
				CLANG_WARN_DIRECT_OBJC_ISA_USAGE = YES_ERROR;
				CLANG_WARN_EMPTY_BODY = YES;
				CLANG_WARN_ENUM_CONVERSION = YES;
				CLANG_WARN_INT_CONVERSION = YES;
				CLANG_WARN_OBJC_ROOT_CLASS = YES_ERROR;
				CLANG_WARN_UNREACHABLE_CODE = YES;
				CLANG_WARN__DUPLICATE_METHOD_MATCH = YES;
				"CODE_SIGN_IDENTITY[sdk=iphoneos*]" = "iPhone Developer";
				COPY_PHASE_STRIP = NO;
				DEBUG_INFORMATION_FORMAT = "dwarf-with-dsym";
				ENABLE_NS_ASSERTIONS = NO;
				ENABLE_STRICT_OBJC_MSGSEND = YES;
				GCC_C_LANGUAGE_STANDARD = gnu99;
				GCC_NO_COMMON_BLOCKS = YES;
				GCC_WARN_64_TO_32_BIT_CONVERSION = YES;
				GCC_WARN_ABOUT_RETURN_TYPE = YES_ERROR;
				GCC_WARN_UNDECLARED_SELECTOR = YES;
				GCC_WARN_UNINITIALIZED_AUTOS = YES_AGGRESSIVE;
				GCC_WARN_UNUSED_FUNCTION = YES;
				GCC_WARN_UNUSED_VARIABLE = YES;
				IPHONEOS_DEPLOYMENT_TARGET = 9.3;
				MTL_ENABLE_DEBUG_INFO = NO;
				SDKROOT = iphoneos;
				VALIDATE_PRODUCT = YES;
			};
			name = Release;
		};
		EAF2D80E1C733A26001325F1 /* Debug */ = {
			isa = XCBuildConfiguration;
			buildSettings = {
				ASSETCATALOG_COMPILER_APPICON_NAME = AppIcon;
				INFOPLIST_FILE = "hello world/Info.plist";
				LD_RUNPATH_SEARCH_PATHS = "$(inherited) @executable_path/Frameworks";
				PRODUCT_BUNDLE_IDENTIFIER = "hirpon.com.hello-world";
				PRODUCT_NAME = "$(TARGET_NAME)";
			};
			name = Debug;
		};
		EAF2D80F1C733A26001325F1 /* Release */ = {
			isa = XCBuildConfiguration;
			buildSettings = {
				ASSETCATALOG_COMPILER_APPICON_NAME = AppIcon;
				INFOPLIST_FILE = "hello world/Info.plist";
				LD_RUNPATH_SEARCH_PATHS = "$(inherited) @executable_path/Frameworks";
				PRODUCT_BUNDLE_IDENTIFIER = "hirpon.com.hello-world";
				PRODUCT_NAME = "$(TARGET_NAME)";
			};
			name = Release;
		};
		EAF2D8111C733A26001325F1 /* Debug */ = {
			isa = XCBuildConfiguration;
			buildSettings = {
				BUNDLE_LOADER = "$(TEST_HOST)";
				INFOPLIST_FILE = "hello worldTests/Info.plist";
				LD_RUNPATH_SEARCH_PATHS = "$(inherited) @executable_path/Frameworks @loader_path/Frameworks";
				PRODUCT_BUNDLE_IDENTIFIER = "hirpon.com.hello-worldTests";
				PRODUCT_NAME = "$(TARGET_NAME)";
				TEST_HOST = "$(BUILT_PRODUCTS_DIR)/hello world.app/hello world";
			};
			name = Debug;
		};
		EAF2D8121C733A26001325F1 /* Release */ = {
			isa = XCBuildConfiguration;
			buildSettings = {
				BUNDLE_LOADER = "$(TEST_HOST)";
				INFOPLIST_FILE = "hello worldTests/Info.plist";
				LD_RUNPATH_SEARCH_PATHS = "$(inherited) @executable_path/Frameworks @loader_path/Frameworks";
				PRODUCT_BUNDLE_IDENTIFIER = "hirpon.com.hello-worldTests";
				PRODUCT_NAME = "$(TARGET_NAME)";
				TEST_HOST = "$(BUILT_PRODUCTS_DIR)/hello world.app/hello world";
			};
			name = Release;
		};
		EAF2D8141C733A26001325F1 /* Debug */ = {
			isa = XCBuildConfiguration;
			buildSettings = {
				INFOPLIST_FILE = "hello worldUITests/Info.plist";
				LD_RUNPATH_SEARCH_PATHS = "$(inherited) @executable_path/Frameworks @loader_path/Frameworks";
				PRODUCT_BUNDLE_IDENTIFIER = "hirpon.com.hello-worldUITests";
				PRODUCT_NAME = "$(TARGET_NAME)";
				TEST_TARGET_NAME = "hello world";
			};
			name = Debug;
		};
		EAF2D8151C733A26001325F1 /* Release */ = {
			isa = XCBuildConfiguration;
			buildSettings = {
				INFOPLIST_FILE = "hello worldUITests/Info.plist";
				LD_RUNPATH_SEARCH_PATHS = "$(inherited) @executable_path/Frameworks @loader_path/Frameworks";
				PRODUCT_BUNDLE_IDENTIFIER = "hirpon.com.hello-worldUITests";
				PRODUCT_NAME = "$(TARGET_NAME)";
				TEST_TARGET_NAME = "hello world";
			};
			name = Release;
		};
/* End XCBuildConfiguration section */

/* Begin XCConfigurationList section */
		EAF2D7E01C733A25001325F1 /* Build configuration list for PBXProject "hello world" */ = {
			isa = XCConfigurationList;
			buildConfigurations = (
				EAF2D80B1C733A26001325F1 /* Debug */,
				EAF2D80C1C733A26001325F1 /* Release */,
			);
			defaultConfigurationIsVisible = 0;
			defaultConfigurationName = Release;
		};
		EAF2D80D1C733A26001325F1 /* Build configuration list for PBXNativeTarget "hello world" */ = {
			isa = XCConfigurationList;
			buildConfigurations = (
				EAF2D80E1C733A26001325F1 /* Debug */,
				EAF2D80F1C733A26001325F1 /* Release */,
			);
			defaultConfigurationIsVisible = 0;
		};
		EAF2D8101C733A26001325F1 /* Build configuration list for PBXNativeTarget "hello worldTests" */ = {
			isa = XCConfigurationList;
			buildConfigurations = (
				EAF2D8111C733A26001325F1 /* Debug */,
				EAF2D8121C733A26001325F1 /* Release */,
			);
			defaultConfigurationIsVisible = 0;
		};
		EAF2D8131C733A26001325F1 /* Build configuration list for PBXNativeTarget "hello worldUITests" */ = {
			isa = XCConfigurationList;
			buildConfigurations = (
				EAF2D8141C733A26001325F1 /* Debug */,
				EAF2D8151C733A26001325F1 /* Release */,
			);
			defaultConfigurationIsVisible = 0;
		};
/* End XCConfigurationList section */
	};
	rootObject = EAF2D7DD1C733A25001325F1 /* Project object */;
}
